{
  "name": "stats",
  "version": "1.0.0",
  "lockfileVersion": 3,
  "requires": true,
  "packages": {
    "": {
      "name": "stats",
      "version": "1.0.0",
      "license": "ISC",
      "devDependencies": {
        "fisher-yates": "^1.0.3",
        "weighted": "^0.3.0"
      }
    },
    "node_modules/fisher-yates": {
      "version": "1.0.4",
      "resolved": "https://registry.npmjs.org/fisher-yates/-/fisher-yates-1.0.4.tgz",
      "integrity": "sha512-+wpHO263XgTCxsoX77YPQ+cWVYORw25vv+Y5JXbi7ZBxWGDUMoZBTr21ktjmU3SOHY5/oKO3ODYBZUSxI1Cqrg==",
      "dev": true,
      "license": "MIT"
    },
    "node_modules/weighted": {
      "version": "0.3.0",
      "resolved": "https://registry.npmjs.org/weighted/-/weighted-0.3.0.tgz",
      "integrity": "sha512-7ncObO1ErcLtBlysbh+kpcViGz4HJO1iV5Oj24xRA/0Rnl6C3sG4/7w1m8+DvwMarC3ZJGCk8Q2Ai/b8gQjndQ==",
      "dev": true,
      "license": "MIT"
    }
  }
}
